<?xml version="1.0" encoding="utf-8"?>
<Project ToolsVersion="4.0" xmlns="http://schemas.microsoft.com/developer/msbuild/2003">
  <ItemGroup>
    <ClCompile Include="src\examples\Add.cpp" />
    <ClCompile Include="src\helpers\Audio.cpp">
      <Filter>api</Filter>
    </ClCompile>
    <ClCompile Include="src\api\Effect.cpp">
      <Filter>api</Filter>
    </ClCompile>
    <ClCompile Include="src\api\Mixer.cpp">
      <Filter>api</Filter>
    </ClCompile>
    <ClCompile Include="src\api\Plugin.cpp">
      <Filter>api</Filter>
    </ClCompile>
    <ClCompile Include="src\api\Source.cpp">
      <Filter>api</Filter>
    </ClCompile>
    <ClCompile Include="lib\FFGLSDK.cpp">
      <Filter>lib</Filter>
    </ClCompile>
    <ClCompile Include="lib\FFGLSDK.h">
      <Filter>lib</Filter>
    </ClCompile>
  </ItemGroup>
  <ItemGroup>
    <ClInclude Include="src\examples\Add.h" />
    <ClInclude Include="src\helpers\Audio.h">
      <Filter>api</Filter>
    </ClInclude>
    <ClInclude Include="src\api\Effect.h">
      <Filter>api</Filter>
    </ClInclude>
    <ClInclude Include="src\api\Mixer.h">
      <Filter>api</Filter>
    </ClInclude>
    <ClInclude Include="src\api\Plugin.h">
      <Filter>api</Filter>
    </ClInclude>
    <ClInclude Include="src\api\Source.h">
      <Filter>api</Filter>
    </ClInclude>
    <ClInclude Include="src\helpers\Utils.h">
      <Filter>api</Filter>
    </ClInclude>
  </ItemGroup>
  <ItemGroup>
    <Filter Include="lib">
      <UniqueIdentifier>{75aa6755-6de5-41e7-b5f2-ba669bc3896e}</UniqueIdentifier>
    </Filter>
    <Filter Include="api">
      <UniqueIdentifier>{1667922b-a87c-4167-a6cb-f8d9df6a29e6}</UniqueIdentifier>
    </Filter>
  </ItemGroup>
</Project>