<?xml version="1.0" encoding="utf-8"?>
<Project ToolsVersion="15.0" xmlns="http://schemas.microsoft.com/developer/msbuild/2003">
  <ItemGroup>
    <ClCompile Include="src\examples\Add.cpp">
      <Filter>examples</Filter>
    </ClCompile>
    <ClCompile Include="src\examples\AddSubtract.cpp">
      <Filter>examples</Filter>
    </ClCompile>
    <ClCompile Include="src\examples\Color.cpp">
      <Filter>examples</Filter>
    </ClCompile>
    <ClCompile Include="src\helpers\Audio.cpp">
      <Filter>helpers</Filter>
    </ClCompile>
    <ClCompile Include="src\api\Effect.cpp">
      <Filter>api</Filter>
    </ClCompile>
    <ClCompile Include="src\api\Mixer.cpp">
      <Filter>api</Filter>
    </ClCompile>
    <ClCompile Include="src\api\Plugin.cpp">
      <Filter>api</Filter>
    </ClCompile>
    <ClCompile Include="src\api\Source.cpp">
      <Filter>api</Filter>
    </ClCompile>
    <ClCompile Include="lib\FFGLSDK.cpp">
      <Filter>lib</Filter>
    </ClCompile>
    <ClCompile Include="lib\FFGLSDK.h">
      <Filter>lib</Filter>
    </ClCompile>
  </ItemGroup>
  <ItemGroup>
    <ClInclude Include="src\examples\Add.h">
      <Filter>examples</Filter>
    </ClInclude>
    <ClInclude Include="src\examples\AddSubtract.h">
      <Filter>examples</Filter>
    </ClInclude>
    <ClInclude Include="src\examples\Color.h">
      <Filter>examples</Filter>
    </ClInclude>
    <ClInclude Include="src\helpers\Audio.h">
      <Filter>helpers</Filter>
    </ClInclude>
    <ClInclude Include="src\helpers\Utils.h">
      <Filter>helpers</Filter>
    </ClInclude>
    <ClInclude Include="src\api\Effect.h">
      <Filter>api</Filter>
    </ClInclude>
    <ClInclude Include="src\api\Mixer.h">
      <Filter>api</Filter>
    </ClInclude>
    <ClInclude Include="src\api\Plugin.h">
      <Filter>api</Filter>
    </ClInclude>
    <ClInclude Include="src\api\Source.h">
      <Filter>api</Filter>
    </ClInclude>
  </ItemGroup>
  <ItemGroup>
    <Filter Include="api">
      <UniqueIdentifier>{ab09c2cf-92b5-4cbb-aec2-37e456c5acd4}</UniqueIdentifier>
    </Filter>
    <Filter Include="helpers">
      <UniqueIdentifier>{9e2d24b4-016b-46dc-bc32-22a36c3e3b79}</UniqueIdentifier>
    </Filter>
    <Filter Include="examples">
      <UniqueIdentifier>{019206e4-2a78-4109-b6fc-888fbeb899a5}</UniqueIdentifier>
    </Filter>
    <Filter Include="lib">
      <UniqueIdentifier>{84093465-8dbe-49e1-85e1-053558c0ceca}</UniqueIdentifier>
    </Filter>
  </ItemGroup>
</Project>