
Microsoft Visual Studio Solution File, Format Version 12.00
# Visual Studio 15
VisualStudioVersion = 15.0.26228.9
MinimumVisualStudioVersion = 10.0.40219.1
Project("{8BC9CEB8-8B4A-11D0-8D11-00A0C91BC942}") = "Alea", "Alea.vcxproj", "{71974ED2-465B-4D90-B584-FF7C4AAF3C53}"
EndProject
Project("{8BC9CEB8-8B4A-11D0-8D11-00A0C91BC942}") = "Add", "Add.vcxproj", "{FC65EF1A-9029-40B9-B703-F1A8F563D458}"
EndProject
Project("{8BC9CEB8-8B4A-11D0-8D11-00A0C91BC942}") = "AddSubtract", "AddSubtract.vcxproj", "{0284B7B0-42F5-4790-8BE5-9D795A7E0680}"
EndProject
Project("{8BC9CEB8-8B4A-11D0-8D11-00A0C91BC942}") = "CreationSilexars", "CreationSilexars.vcxproj", "{DDFB690F-C9A7-40A5-8924-F9406A40199D}"
EndProject
Project("{8BC9CEB8-8B4A-11D0-8D11-00A0C91BC942}") = "Polygon", "Polygon.vcxproj", "{E8931435-7155-4FD8-903F-0B82F0EC8F6E}"
EndProject
Project("{8BC9CEB8-8B4A-11D0-8D11-00A0C91BC942}") = "Scanline", "Scanline.vcxproj", "{0C3F2D8E-860D-44E5-94F9-E9F4167E51A4}"
EndProject
Project("{8BC9CEB8-8B4A-11D0-8D11-00A0C91BC942}") = "MovingGradient", "MovingGradient.vcxproj", "{483CB3B5-EE04-4D8E-AEAE-E60399350406}"
EndProject
Project("{8BC9CEB8-8B4A-11D0-8D11-00A0C91BC942}") = "BarrelBlur", "BarrelBlur.vcxproj", "{8A3C7DB4-8828-4798-A55A-E07BFC32798D}"
EndProject
Global
	GlobalSection(SolutionConfigurationPlatforms) = preSolution
		Debug|x64 = Debug|x64
		Release|x64 = Release|x64
	EndGlobalSection
	GlobalSection(ProjectConfigurationPlatforms) = postSolution
		{71974ED2-465B-4D90-B584-FF7C4AAF3C53}.Debug|x64.ActiveCfg = Debug|x64
		{71974ED2-465B-4D90-B584-FF7C4AAF3C53}.Debug|x64.Build.0 = Debug|x64
		{71974ED2-465B-4D90-B584-FF7C4AAF3C53}.Release|x64.ActiveCfg = Release|x64
		{71974ED2-465B-4D90-B584-FF7C4AAF3C53}.Release|x64.Build.0 = Release|x64
		{FC65EF1A-9029-40B9-B703-F1A8F563D458}.Debug|x64.ActiveCfg = Debug|x64
		{FC65EF1A-9029-40B9-B703-F1A8F563D458}.Debug|x64.Build.0 = Debug|x64
		{FC65EF1A-9029-40B9-B703-F1A8F563D458}.Release|x64.ActiveCfg = Release|x64
		{FC65EF1A-9029-40B9-B703-F1A8F563D458}.Release|x64.Build.0 = Release|x64
		{0284B7B0-42F5-4790-8BE5-9D795A7E0680}.Debug|x64.ActiveCfg = Debug|x64
		{0284B7B0-42F5-4790-8BE5-9D795A7E0680}.Debug|x64.Build.0 = Debug|x64
		{0284B7B0-42F5-4790-8BE5-9D795A7E0680}.Release|x64.ActiveCfg = Release|x64
		{0284B7B0-42F5-4790-8BE5-9D795A7E0680}.Release|x64.Build.0 = Release|x64
		{DDFB690F-C9A7-40A5-8924-F9406A40199D}.Debug|x64.ActiveCfg = Debug|x64
		{DDFB690F-C9A7-40A5-8924-F9406A40199D}.Debug|x64.Build.0 = Debug|x64
		{DDFB690F-C9A7-40A5-8924-F9406A40199D}.Release|x64.ActiveCfg = Release|x64
		{DDFB690F-C9A7-40A5-8924-F9406A40199D}.Release|x64.Build.0 = Release|x64
		{E8931435-7155-4FD8-903F-0B82F0EC8F6E}.Debug|x64.ActiveCfg = Debug|x64
		{E8931435-7155-4FD8-903F-0B82F0EC8F6E}.Debug|x64.Build.0 = Debug|x64
		{E8931435-7155-4FD8-903F-0B82F0EC8F6E}.Release|x64.ActiveCfg = Release|x64
		{E8931435-7155-4FD8-903F-0B82F0EC8F6E}.Release|x64.Build.0 = Release|x64
		{0C3F2D8E-860D-44E5-94F9-E9F4167E51A4}.Debug|x64.ActiveCfg = Debug|x64
		{0C3F2D8E-860D-44E5-94F9-E9F4167E51A4}.Debug|x64.Build.0 = Debug|x64
		{0C3F2D8E-860D-44E5-94F9-E9F4167E51A4}.Release|x64.ActiveCfg = Release|x64
		{0C3F2D8E-860D-44E5-94F9-E9F4167E51A4}.Release|x64.Build.0 = Release|x64
		{483CB3B5-EE04-4D8E-AEAE-E60399350406}.Debug|x64.ActiveCfg = Debug|x64
		{483CB3B5-EE04-4D8E-AEAE-E60399350406}.Debug|x64.Build.0 = Debug|x64
		{483CB3B5-EE04-4D8E-AEAE-E60399350406}.Release|x64.ActiveCfg = Release|x64
		{483CB3B5-EE04-4D8E-AEAE-E60399350406}.Release|x64.Build.0 = Release|x64
		{8A3C7DB4-8828-4798-A55A-E07BFC32798D}.Debug|x64.ActiveCfg = Debug|x64
		{8A3C7DB4-8828-4798-A55A-E07BFC32798D}.Debug|x64.Build.0 = Debug|x64
		{8A3C7DB4-8828-4798-A55A-E07BFC32798D}.Release|x64.ActiveCfg = Release|x64
		{8A3C7DB4-8828-4798-A55A-E07BFC32798D}.Release|x64.Build.0 = Release|x64
	EndGlobalSection
	GlobalSection(SolutionProperties) = preSolution
		HideSolutionNode = FALSE
	EndGlobalSection
	GlobalSection(ExtensibilityGlobals) = postSolution
		SolutionGuid = {1968B460-B1C5-40F7-B2DA-2314795F244F}
	EndGlobalSection
EndGlobal
