
Microsoft Visual Studio Solution File, Format Version 12.00
# Visual Studio 15
VisualStudioVersion = 15.0.26228.9
MinimumVisualStudioVersion = 10.0.40219.1
Project("{8BC9CEB8-8B4A-11D0-8D11-00A0C91BC942}") = "FFGL Plugin", "FFGL Plugin.vcxproj", "{71974ED2-465B-4D90-B584-FF7C4AAF3C53}"
EndProject
Global
	GlobalSection(SolutionConfigurationPlatforms) = preSolution
		Debug|x64 = Debug|x64
		Release|x64 = Release|x64
	EndGlobalSection
	GlobalSection(ProjectConfigurationPlatforms) = postSolution
		{71974ED2-465B-4D90-B584-FF7C4AAF3C53}.Debug|x64.ActiveCfg = Debug|x64
		{71974ED2-465B-4D90-B584-FF7C4AAF3C53}.Debug|x64.Build.0 = Debug|x64
		{71974ED2-465B-4D90-B584-FF7C4AAF3C53}.Release|x64.ActiveCfg = Release|x64
		{71974ED2-465B-4D90-B584-FF7C4AAF3C53}.Release|x64.Build.0 = Release|x64
	EndGlobalSection
	GlobalSection(SolutionProperties) = preSolution
		HideSolutionNode = FALSE
	EndGlobalSection
	GlobalSection(ExtensibilityGlobals) = postSolution
		SolutionGuid = {7E28FAC0-23A7-4C28-9917-D60DBD5CA13F}
	EndGlobalSection
EndGlobal
