<?xml version="1.0" encoding="utf-8"?>
<Project ToolsVersion="4.0" xmlns="http://schemas.microsoft.com/developer/msbuild/2003">
  <ItemGroup>
    <ClCompile Include="lib\FFGLSDK.cpp">
      <Filter>lib</Filter>
    </ClCompile>
    <ClCompile Include="lib\FFGLSDK.h">
      <Filter>lib</Filter>
    </ClCompile>
    <ClCompile Include="src\helpers\Audio.cpp">
      <Filter>api</Filter>
    </ClCompile>
    <ClCompile Include="src\api\Effect.cpp">
      <Filter>api</Filter>
    </ClCompile>
    <ClCompile Include="src\api\Mixer.cpp">
      <Filter>api</Filter>
    </ClCompile>
    <ClCompile Include="src\api\Plugin.cpp">
      <Filter>api</Filter>
    </ClCompile>
    <ClCompile Include="src\api\Source.cpp">
      <Filter>api</Filter>
    </ClCompile>
    <ClCompile Include="src\examples\Polygon.cpp" />
  </ItemGroup>
  <ItemGroup>
    <ClInclude Include="src\helpers\Audio.h">
      <Filter>api</Filter>
    </ClInclude>
    <ClInclude Include="src\api\Effect.h">
      <Filter>api</Filter>
    </ClInclude>
    <ClInclude Include="src\api\Mixer.h">
      <Filter>api</Filter>
    </ClInclude>
    <ClInclude Include="src\api\Plugin.h">
      <Filter>api</Filter>
    </ClInclude>
    <ClInclude Include="src\api\Source.h">
      <Filter>api</Filter>
    </ClInclude>
    <ClInclude Include="src\helpers\Utils.h">
      <Filter>api</Filter>
    </ClInclude>
    <ClInclude Include="src\examples\Polygon.h" />
  </ItemGroup>
  <ItemGroup>
    <Filter Include="lib">
      <UniqueIdentifier>{1e011db8-1221-4d36-a40b-079909a3b1cb}</UniqueIdentifier>
    </Filter>
    <Filter Include="api">
      <UniqueIdentifier>{d7cdfaab-4991-43f9-bd9c-16d6d91fcd00}</UniqueIdentifier>
    </Filter>
  </ItemGroup>
</Project>